// !$*UTF8*$!
{
	archiveVersion = 1;
	classes = {
	};
	objectVersion = 56;
	objects = {

/* Begin PBXBuildFile section */
		0D69D54D2B7473830010A5B6 /* MyTasksService.swift in Sources */ = {isa = PBXBuildFile; fileRef = 0D69D54C2B7473830010A5B6 /* MyTasksService.swift */; };
		0D69D5512B74757A0010A5B6 /* SampleUI.swift in Sources */ = {isa = PBXBuildFile; fileRef = 0D69D5502B74757A0010A5B6 /* SampleUI.swift */; };
		0D69D5632B7491B40010A5B6 /* Factory in Frameworks */ = {isa = PBXBuildFile; productRef = 0D69D5622B7491B40010A5B6 /* Factory */; };
		0D69D5742B74A2220010A5B6 /* MyTasksTests.swift in Sources */ = {isa = PBXBuildFile; fileRef = 0D69D5732B74A2220010A5B6 /* MyTasksTests.swift */; };
		0D69D57A2B74A2280010A5B6 /* TaskViewModelTests.swift in Sources */ = {isa = PBXBuildFile; fileRef = 0D69D5652B749D8D0010A5B6 /* TaskViewModelTests.swift */; };
		AE0685332A3944B2007C2A4E /* TaskUpdateView.swift in Sources */ = {isa = PBXBuildFile; fileRef = AE0685322A3944B2007C2A4E /* TaskUpdateView.swift */; };
		AE1DD1602A0DB61E00F32703 /* MyTasksApp.swift in Sources */ = {isa = PBXBuildFile; fileRef = AE1DD15F2A0DB61E00F32703 /* MyTasksApp.swift */; };
		AE1DD1622A0DB61E00F32703 /* ContentView.swift in Sources */ = {isa = PBXBuildFile; fileRef = AE1DD1612A0DB61E00F32703 /* ContentView.swift */; };
		AE1DD1642A0DB61F00F32703 /* Assets.xcassets in Resources */ = {isa = PBXBuildFile; fileRef = AE1DD1632A0DB61F00F32703 /* Assets.xcassets */; };
		AE1DD1672A0DB61F00F32703 /* Preview Assets.xcassets in Resources */ = {isa = PBXBuildFile; fileRef = AE1DD1662A0DB61F00F32703 /* Preview Assets.xcassets */; };
		AE4420442A28456F00D4BB93 /* RedactedTasksListView.swift in Sources */ = {isa = PBXBuildFile; fileRef = AE4420432A28456F00D4BB93 /* RedactedTasksListView.swift */; };
		AE4420462A28467C00D4BB93 /* TaskRowView.swift in Sources */ = {isa = PBXBuildFile; fileRef = AE4420452A28467C00D4BB93 /* TaskRowView.swift */; };
		AE44AF742A36B3D800FA2233 /* AppRouter.swift in Sources */ = {isa = PBXBuildFile; fileRef = AE44AF732A36B3D800FA2233 /* AppRouter.swift */; };
		AE6E0C4F2A27103C0027C28A /* TaskViewModel.swift in Sources */ = {isa = PBXBuildFile; fileRef = AE6E0C4E2A27103C0027C28A /* TaskViewModel.swift */; };
		AE6E0C512A2710500027C28A /* TaskCreateView.swift in Sources */ = {isa = PBXBuildFile; fileRef = AE6E0C502A2710500027C28A /* TaskCreateView.swift */; };
		AE6E0C542A27108C0027C28A /* SettingsView.swift in Sources */ = {isa = PBXBuildFile; fileRef = AE6E0C532A27108C0027C28A /* SettingsView.swift */; };
		AE6E0C562A2710980027C28A /* SettingsViewModel.swift in Sources */ = {isa = PBXBuildFile; fileRef = AE6E0C552A2710980027C28A /* SettingsViewModel.swift */; };
		AE9344C52A26E32800D81AA3 /* TasksListView.swift in Sources */ = {isa = PBXBuildFile; fileRef = AE9344C42A26E32800D81AA3 /* TasksListView.swift */; };
		AE9344C72A26E3A600D81AA3 /* TasksListViewModel.swift in Sources */ = {isa = PBXBuildFile; fileRef = AE9344C62A26E3A600D81AA3 /* TasksListViewModel.swift */; };
		AE9344CD2A26E4AA00D81AA3 /* Dependencies.swift in Sources */ = {isa = PBXBuildFile; fileRef = AE9344CC2A26E4AA00D81AA3 /* Dependencies.swift */; };
		AE9344D92A26FCD700D81AA3 /* Network in Frameworks */ = {isa = PBXBuildFile; productRef = AE9344D82A26FCD700D81AA3 /* Network */; };
		AEA0AE102A28516700492248 /* Models in Frameworks */ = {isa = PBXBuildFile; productRef = AEA0AE0F2A28516700492248 /* Models */; };
/* End PBXBuildFile section */

/* Begin PBXContainerItemProxy section */
		0D69D5752B74A2220010A5B6 /* PBXContainerItemProxy */ = {
			isa = PBXContainerItemProxy;
			containerPortal = AE1DD1542A0DB61E00F32703 /* Project object */;
			proxyType = 1;
			remoteGlobalIDString = AE1DD15B2A0DB61E00F32703;
			remoteInfo = MyTasks;
		};
/* End PBXContainerItemProxy section */

/* Begin PBXFileReference section */
		0D69D54C2B7473830010A5B6 /* MyTasksService.swift */ = {isa = PBXFileReference; lastKnownFileType = sourcecode.swift; path = MyTasksService.swift; sourceTree = "<group>"; };
		0D69D5502B74757A0010A5B6 /* SampleUI.swift */ = {isa = PBXFileReference; lastKnownFileType = sourcecode.swift; path = SampleUI.swift; sourceTree = "<group>"; };
		0D69D5652B749D8D0010A5B6 /* TaskViewModelTests.swift */ = {isa = PBXFileReference; lastKnownFileType = sourcecode.swift; path = TaskViewModelTests.swift; sourceTree = "<group>"; };
		0D69D5712B74A2220010A5B6 /* MyTasksTests.xctest */ = {isa = PBXFileReference; explicitFileType = wrapper.cfbundle; includeInIndex = 0; path = MyTasksTests.xctest; sourceTree = BUILT_PRODUCTS_DIR; };
		0D69D5732B74A2220010A5B6 /* MyTasksTests.swift */ = {isa = PBXFileReference; lastKnownFileType = sourcecode.swift; path = MyTasksTests.swift; sourceTree = "<group>"; };
		AE0685322A3944B2007C2A4E /* TaskUpdateView.swift */ = {isa = PBXFileReference; lastKnownFileType = sourcecode.swift; path = TaskUpdateView.swift; sourceTree = "<group>"; };
		AE1DD15C2A0DB61E00F32703 /* MyTasks.app */ = {isa = PBXFileReference; explicitFileType = wrapper.application; includeInIndex = 0; path = MyTasks.app; sourceTree = BUILT_PRODUCTS_DIR; };
		AE1DD15F2A0DB61E00F32703 /* MyTasksApp.swift */ = {isa = PBXFileReference; lastKnownFileType = sourcecode.swift; path = MyTasksApp.swift; sourceTree = "<group>"; };
		AE1DD1612A0DB61E00F32703 /* ContentView.swift */ = {isa = PBXFileReference; lastKnownFileType = sourcecode.swift; path = ContentView.swift; sourceTree = "<group>"; };
		AE1DD1632A0DB61F00F32703 /* Assets.xcassets */ = {isa = PBXFileReference; lastKnownFileType = folder.assetcatalog; path = Assets.xcassets; sourceTree = "<group>"; };
		AE1DD1662A0DB61F00F32703 /* Preview Assets.xcassets */ = {isa = PBXFileReference; lastKnownFileType = folder.assetcatalog; path = "Preview Assets.xcassets"; sourceTree = "<group>"; };
		AE4420432A28456F00D4BB93 /* RedactedTasksListView.swift */ = {isa = PBXFileReference; lastKnownFileType = sourcecode.swift; path = RedactedTasksListView.swift; sourceTree = "<group>"; };
		AE4420452A28467C00D4BB93 /* TaskRowView.swift */ = {isa = PBXFileReference; lastKnownFileType = sourcecode.swift; path = TaskRowView.swift; sourceTree = "<group>"; };
		AE44AF732A36B3D800FA2233 /* AppRouter.swift */ = {isa = PBXFileReference; lastKnownFileType = sourcecode.swift; path = AppRouter.swift; sourceTree = "<group>"; };
		AE6E0C4E2A27103C0027C28A /* TaskViewModel.swift */ = {isa = PBXFileReference; lastKnownFileType = sourcecode.swift; path = TaskViewModel.swift; sourceTree = "<group>"; };
		AE6E0C502A2710500027C28A /* TaskCreateView.swift */ = {isa = PBXFileReference; lastKnownFileType = sourcecode.swift; path = TaskCreateView.swift; sourceTree = "<group>"; };
		AE6E0C532A27108C0027C28A /* SettingsView.swift */ = {isa = PBXFileReference; lastKnownFileType = sourcecode.swift; path = SettingsView.swift; sourceTree = "<group>"; };
		AE6E0C552A2710980027C28A /* SettingsViewModel.swift */ = {isa = PBXFileReference; lastKnownFileType = sourcecode.swift; path = SettingsViewModel.swift; sourceTree = "<group>"; };
		AE9344B92A26CC9900D81AA3 /* Info.plist */ = {isa = PBXFileReference; lastKnownFileType = text.plist; path = Info.plist; sourceTree = "<group>"; };
		AE9344C42A26E32800D81AA3 /* TasksListView.swift */ = {isa = PBXFileReference; lastKnownFileType = sourcecode.swift; path = TasksListView.swift; sourceTree = "<group>"; };
		AE9344C62A26E3A600D81AA3 /* TasksListViewModel.swift */ = {isa = PBXFileReference; lastKnownFileType = sourcecode.swift; path = TasksListViewModel.swift; sourceTree = "<group>"; };
		AE9344CC2A26E4AA00D81AA3 /* Dependencies.swift */ = {isa = PBXFileReference; lastKnownFileType = sourcecode.swift; path = Dependencies.swift; sourceTree = "<group>"; };
		AE9344D52A26FBF000D81AA3 /* Network */ = {isa = PBXFileReference; lastKnownFileType = wrapper; name = Network; path = MyTasks/Packages/Network; sourceTree = "<group>"; };
		AE9344D72A26FCAC00D81AA3 /* Models */ = {isa = PBXFileReference; lastKnownFileType = wrapper; name = Models; path = MyTasks/Packages/Models; sourceTree = "<group>"; };
/* End PBXFileReference section */

/* Begin PBXFrameworksBuildPhase section */
		0D69D56E2B74A2220010A5B6 /* Frameworks */ = {
			isa = PBXFrameworksBuildPhase;
			buildActionMask = 2147483647;
			files = (
			);
			runOnlyForDeploymentPostprocessing = 0;
		};
		AE1DD1592A0DB61E00F32703 /* Frameworks */ = {
			isa = PBXFrameworksBuildPhase;
			buildActionMask = 2147483647;
			files = (
				0D69D5632B7491B40010A5B6 /* Factory in Frameworks */,
				AEA0AE102A28516700492248 /* Models in Frameworks */,
				AE9344D92A26FCD700D81AA3 /* Network in Frameworks */,
			);
			runOnlyForDeploymentPostprocessing = 0;
		};
/* End PBXFrameworksBuildPhase section */

/* Begin PBXGroup section */
		0D69D54B2B7473710010A5B6 /* Services */ = {
			isa = PBXGroup;
			children = (
				0D69D54C2B7473830010A5B6 /* MyTasksService.swift */,
			);
			path = Services;
			sourceTree = "<group>";
		};
		0D69D5642B749CAC0010A5B6 /* Tests */ = {
			isa = PBXGroup;
			children = (
				0D69D5652B749D8D0010A5B6 /* TaskViewModelTests.swift */,
			);
			path = Tests;
			sourceTree = "<group>";
		};
		0D69D5722B74A2220010A5B6 /* MyTasksTests */ = {
			isa = PBXGroup;
			children = (
				0D69D5732B74A2220010A5B6 /* MyTasksTests.swift */,
			);
			path = MyTasksTests;
			sourceTree = "<group>";
		};
		AE1DD1532A0DB61E00F32703 = {
			isa = PBXGroup;
			children = (
				AE1DD15E2A0DB61E00F32703 /* MyTasks */,
				0D69D5722B74A2220010A5B6 /* MyTasksTests */,
				AE1DD15D2A0DB61E00F32703 /* Products */,
				AE9344BE2A26E2A500D81AA3 /* Frameworks */,
				AE9344D72A26FCAC00D81AA3 /* Models */,
				AE9344D52A26FBF000D81AA3 /* Network */,
			);
			sourceTree = "<group>";
		};
		AE1DD15D2A0DB61E00F32703 /* Products */ = {
			isa = PBXGroup;
			children = (
				AE1DD15C2A0DB61E00F32703 /* MyTasks.app */,
				0D69D5712B74A2220010A5B6 /* MyTasksTests.xctest */,
			);
			name = Products;
			sourceTree = "<group>";
		};
		AE1DD15E2A0DB61E00F32703 /* MyTasks */ = {
			isa = PBXGroup;
			children = (
				0D69D5642B749CAC0010A5B6 /* Tests */,
				0D69D54B2B7473710010A5B6 /* Services */,
				AE44AF722A36A3E100FA2233 /* Router */,
				AE6E0C522A2710770027C28A /* Settings */,
				AE9344CB2A26E48C00D81AA3 /* DI */,
				AE9344C32A26E31600D81AA3 /* Task */,
				AE9344C22A26E30400D81AA3 /* TasksList */,
				AE9344B92A26CC9900D81AA3 /* Info.plist */,
				AE1DD15F2A0DB61E00F32703 /* MyTasksApp.swift */,
				AE1DD1612A0DB61E00F32703 /* ContentView.swift */,
				AE1DD1632A0DB61F00F32703 /* Assets.xcassets */,
				AE1DD1652A0DB61F00F32703 /* Preview Content */,
			);
			path = MyTasks;
			sourceTree = "<group>";
		};
		AE1DD1652A0DB61F00F32703 /* Preview Content */ = {
			isa = PBXGroup;
			children = (
				AE1DD1662A0DB61F00F32703 /* Preview Assets.xcassets */,
			);
			path = "Preview Content";
			sourceTree = "<group>";
		};
		AE44AF722A36A3E100FA2233 /* Router */ = {
			isa = PBXGroup;
			children = (
				AE44AF732A36B3D800FA2233 /* AppRouter.swift */,
			);
			path = Router;
			sourceTree = "<group>";
		};
		AE6E0C522A2710770027C28A /* Settings */ = {
			isa = PBXGroup;
			children = (
				AE6E0C532A27108C0027C28A /* SettingsView.swift */,
				AE6E0C552A2710980027C28A /* SettingsViewModel.swift */,
			);
			path = Settings;
			sourceTree = "<group>";
		};
		AE9344BE2A26E2A500D81AA3 /* Frameworks */ = {
			isa = PBXGroup;
			children = (
			);
			name = Frameworks;
			sourceTree = "<group>";
		};
		AE9344C22A26E30400D81AA3 /* TasksList */ = {
			isa = PBXGroup;
			children = (
				AE9344C42A26E32800D81AA3 /* TasksListView.swift */,
				AE9344C62A26E3A600D81AA3 /* TasksListViewModel.swift */,
				AE4420432A28456F00D4BB93 /* RedactedTasksListView.swift */,
				AE4420452A28467C00D4BB93 /* TaskRowView.swift */,
			);
			path = TasksList;
			sourceTree = "<group>";
		};
		AE9344C32A26E31600D81AA3 /* Task */ = {
			isa = PBXGroup;
			children = (
				AE6E0C4E2A27103C0027C28A /* TaskViewModel.swift */,
				AE6E0C502A2710500027C28A /* TaskCreateView.swift */,
				AE0685322A3944B2007C2A4E /* TaskUpdateView.swift */,
				0D69D5502B74757A0010A5B6 /* SampleUI.swift */,
			);
			path = Task;
			sourceTree = "<group>";
		};
		AE9344CB2A26E48C00D81AA3 /* DI */ = {
			isa = PBXGroup;
			children = (
				AE9344CC2A26E4AA00D81AA3 /* Dependencies.swift */,
			);
			path = DI;
			sourceTree = "<group>";
		};
/* End PBXGroup section */

/* Begin PBXNativeTarget section */
		0D69D5702B74A2220010A5B6 /* MyTasksTests */ = {
			isa = PBXNativeTarget;
			buildConfigurationList = 0D69D5772B74A2220010A5B6 /* Build configuration list for PBXNativeTarget "MyTasksTests" */;
			buildPhases = (
				0D69D56D2B74A2220010A5B6 /* Sources */,
				0D69D56E2B74A2220010A5B6 /* Frameworks */,
				0D69D56F2B74A2220010A5B6 /* Resources */,
			);
			buildRules = (
			);
			dependencies = (
				0D69D5762B74A2220010A5B6 /* PBXTargetDependency */,
			);
			name = MyTasksTests;
			productName = MyTasksTests;
			productReference = 0D69D5712B74A2220010A5B6 /* MyTasksTests.xctest */;
			productType = "com.apple.product-type.bundle.unit-test";
		};
		AE1DD15B2A0DB61E00F32703 /* MyTasks */ = {
			isa = PBXNativeTarget;
			buildConfigurationList = AE1DD16A2A0DB61F00F32703 /* Build configuration list for PBXNativeTarget "MyTasks" */;
			buildPhases = (
				AE1DD1582A0DB61E00F32703 /* Sources */,
				AE1DD1592A0DB61E00F32703 /* Frameworks */,
				AE1DD15A2A0DB61E00F32703 /* Resources */,
			);
			buildRules = (
			);
			dependencies = (
			);
			name = MyTasks;
			packageProductDependencies = (
				AE9344D82A26FCD700D81AA3 /* Network */,
				AEA0AE0F2A28516700492248 /* Models */,
				0D69D5622B7491B40010A5B6 /* Factory */,
			);
			productName = MyTasks;
			productReference = AE1DD15C2A0DB61E00F32703 /* MyTasks.app */;
			productType = "com.apple.product-type.application";
		};
/* End PBXNativeTarget section */

/* Begin PBXProject section */
		AE1DD1542A0DB61E00F32703 /* Project object */ = {
			isa = PBXProject;
			attributes = {
				BuildIndependentTargetsInParallel = 1;
				LastSwiftUpdateCheck = 1520;
				LastUpgradeCheck = 1420;
				TargetAttributes = {
					0D69D5702B74A2220010A5B6 = {
						CreatedOnToolsVersion = 15.2;
						TestTargetID = AE1DD15B2A0DB61E00F32703;
					};
					AE1DD15B2A0DB61E00F32703 = {
						CreatedOnToolsVersion = 14.2;
					};
				};
			};
			buildConfigurationList = AE1DD1572A0DB61E00F32703 /* Build configuration list for PBXProject "MyTasks" */;
			compatibilityVersion = "Xcode 14.0";
			developmentRegion = en;
			hasScannedForEncodings = 0;
			knownRegions = (
				en,
				Base,
			);
			mainGroup = AE1DD1532A0DB61E00F32703;
			packageReferences = (
				0D69D5612B7491B40010A5B6 /* XCRemoteSwiftPackageReference "Factory" */,
			);
			productRefGroup = AE1DD15D2A0DB61E00F32703 /* Products */;
			projectDirPath = "";
			projectRoot = "";
			targets = (
				AE1DD15B2A0DB61E00F32703 /* MyTasks */,
				0D69D5702B74A2220010A5B6 /* MyTasksTests */,
			);
		};
/* End PBXProject section */

/* Begin PBXResourcesBuildPhase section */
		0D69D56F2B74A2220010A5B6 /* Resources */ = {
			isa = PBXResourcesBuildPhase;
			buildActionMask = 2147483647;
			files = (
			);
			runOnlyForDeploymentPostprocessing = 0;
		};
		AE1DD15A2A0DB61E00F32703 /* Resources */ = {
			isa = PBXResourcesBuildPhase;
			buildActionMask = 2147483647;
			files = (
				AE1DD1672A0DB61F00F32703 /* Preview Assets.xcassets in Resources */,
				AE1DD1642A0DB61F00F32703 /* Assets.xcassets in Resources */,
			);
			runOnlyForDeploymentPostprocessing = 0;
		};
/* End PBXResourcesBuildPhase section */

/* Begin PBXSourcesBuildPhase section */
		0D69D56D2B74A2220010A5B6 /* Sources */ = {
			isa = PBXSourcesBuildPhase;
			buildActionMask = 2147483647;
			files = (
				0D69D5742B74A2220010A5B6 /* MyTasksTests.swift in Sources */,
				0D69D57A2B74A2280010A5B6 /* TaskViewModelTests.swift in Sources */,
			);
			runOnlyForDeploymentPostprocessing = 0;
		};
		AE1DD1582A0DB61E00F32703 /* Sources */ = {
			isa = PBXSourcesBuildPhase;
			buildActionMask = 2147483647;
			files = (
				AE9344C52A26E32800D81AA3 /* TasksListView.swift in Sources */,
				AE4420442A28456F00D4BB93 /* RedactedTasksListView.swift in Sources */,
				AE0685332A3944B2007C2A4E /* TaskUpdateView.swift in Sources */,
				AE4420462A28467C00D4BB93 /* TaskRowView.swift in Sources */,
				AE6E0C542A27108C0027C28A /* SettingsView.swift in Sources */,
				AE6E0C512A2710500027C28A /* TaskCreateView.swift in Sources */,
				AE6E0C4F2A27103C0027C28A /* TaskViewModel.swift in Sources */,
				AE9344C72A26E3A600D81AA3 /* TasksListViewModel.swift in Sources */,
				AE1DD1622A0DB61E00F32703 /* ContentView.swift in Sources */,
				0D69D5512B74757A0010A5B6 /* SampleUI.swift in Sources */,
				AE44AF742A36B3D800FA2233 /* AppRouter.swift in Sources */,
				AE9344CD2A26E4AA00D81AA3 /* Dependencies.swift in Sources */,
				AE1DD1602A0DB61E00F32703 /* MyTasksApp.swift in Sources */,
				0D69D54D2B7473830010A5B6 /* MyTasksService.swift in Sources */,
				AE6E0C562A2710980027C28A /* SettingsViewModel.swift in Sources */,
			);
			runOnlyForDeploymentPostprocessing = 0;
		};
/* End PBXSourcesBuildPhase section */

/* Begin PBXTargetDependency section */
		0D69D5762B74A2220010A5B6 /* PBXTargetDependency */ = {
			isa = PBXTargetDependency;
			target = AE1DD15B2A0DB61E00F32703 /* MyTasks */;
			targetProxy = 0D69D5752B74A2220010A5B6 /* PBXContainerItemProxy */;
		};
/* End PBXTargetDependency section */

/* Begin XCBuildConfiguration section */
		0D69D5782B74A2220010A5B6 /* Debug */ = {
			isa = XCBuildConfiguration;
			buildSettings = {
				ASSETCATALOG_COMPILER_GENERATE_SWIFT_ASSET_SYMBOL_EXTENSIONS = YES;
				BUNDLE_LOADER = "$(TEST_HOST)";
				CODE_SIGN_STYLE = Automatic;
				CURRENT_PROJECT_VERSION = 1;
				DEVELOPMENT_TEAM = TWUTEK8LCV;
				ENABLE_USER_SCRIPT_SANDBOXING = YES;
				GCC_C_LANGUAGE_STANDARD = gnu17;
				GENERATE_INFOPLIST_FILE = YES;
				IPHONEOS_DEPLOYMENT_TARGET = 17.0;
				LOCALIZATION_PREFERS_STRING_CATALOGS = YES;
				MARKETING_VERSION = 1.0;
				PRODUCT_BUNDLE_IDENTIFIER = com.samples.MyTasksTests;
				PRODUCT_NAME = "$(TARGET_NAME)";
				SWIFT_ACTIVE_COMPILATION_CONDITIONS = "DEBUG $(inherited)";
				SWIFT_EMIT_LOC_STRINGS = NO;
				SWIFT_VERSION = 5.0;
				TARGETED_DEVICE_FAMILY = "1,2";
				TEST_HOST = "$(BUILT_PRODUCTS_DIR)/MyTasks.app/$(BUNDLE_EXECUTABLE_FOLDER_PATH)/MyTasks";
			};
			name = Debug;
		};
		0D69D5792B74A2220010A5B6 /* Release */ = {
			isa = XCBuildConfiguration;
			buildSettings = {
				ASSETCATALOG_COMPILER_GENERATE_SWIFT_ASSET_SYMBOL_EXTENSIONS = YES;
				BUNDLE_LOADER = "$(TEST_HOST)";
				CODE_SIGN_STYLE = Automatic;
				CURRENT_PROJECT_VERSION = 1;
				DEVELOPMENT_TEAM = TWUTEK8LCV;
				ENABLE_USER_SCRIPT_SANDBOXING = YES;
				GCC_C_LANGUAGE_STANDARD = gnu17;
				GENERATE_INFOPLIST_FILE = YES;
				IPHONEOS_DEPLOYMENT_TARGET = 17.0;
				LOCALIZATION_PREFERS_STRING_CATALOGS = YES;
				MARKETING_VERSION = 1.0;
				PRODUCT_BUNDLE_IDENTIFIER = com.samples.MyTasksTests;
				PRODUCT_NAME = "$(TARGET_NAME)";
				SWIFT_EMIT_LOC_STRINGS = NO;
				SWIFT_VERSION = 5.0;
				TARGETED_DEVICE_FAMILY = "1,2";
				TEST_HOST = "$(BUILT_PRODUCTS_DIR)/MyTasks.app/$(BUNDLE_EXECUTABLE_FOLDER_PATH)/MyTasks";
			};
			name = Release;
		};
		AE1DD1682A0DB61F00F32703 /* Debug */ = {
			isa = XCBuildConfiguration;
			buildSettings = {
				ALWAYS_SEARCH_USER_PATHS = NO;
				CLANG_ANALYZER_NONNULL = YES;
				CLANG_ANALYZER_NUMBER_OBJECT_CONVERSION = YES_AGGRESSIVE;
				CLANG_CXX_LANGUAGE_STANDARD = "gnu++20";
				CLANG_ENABLE_MODULES = YES;
				CLANG_ENABLE_OBJC_ARC = YES;
				CLANG_ENABLE_OBJC_WEAK = YES;
				CLANG_WARN_BLOCK_CAPTURE_AUTORELEASING = YES;
				CLANG_WARN_BOOL_CONVERSION = YES;
				CLANG_WARN_COMMA = YES;
				CLANG_WARN_CONSTANT_CONVERSION = YES;
				CLANG_WARN_DEPRECATED_OBJC_IMPLEMENTATIONS = YES;
				CLANG_WARN_DIRECT_OBJC_ISA_USAGE = YES_ERROR;
				CLANG_WARN_DOCUMENTATION_COMMENTS = YES;
				CLANG_WARN_EMPTY_BODY = YES;
				CLANG_WARN_ENUM_CONVERSION = YES;
				CLANG_WARN_INFINITE_RECURSION = YES;
				CLANG_WARN_INT_CONVERSION = YES;
				CLANG_WARN_NON_LITERAL_NULL_CONVERSION = YES;
				CLANG_WARN_OBJC_IMPLICIT_RETAIN_SELF = YES;
				CLANG_WARN_OBJC_LITERAL_CONVERSION = YES;
				CLANG_WARN_OBJC_ROOT_CLASS = YES_ERROR;
				CLANG_WARN_QUOTED_INCLUDE_IN_FRAMEWORK_HEADER = YES;
				CLANG_WARN_RANGE_LOOP_ANALYSIS = YES;
				CLANG_WARN_STRICT_PROTOTYPES = YES;
				CLANG_WARN_SUSPICIOUS_MOVE = YES;
				CLANG_WARN_UNGUARDED_AVAILABILITY = YES_AGGRESSIVE;
				CLANG_WARN_UNREACHABLE_CODE = YES;
				CLANG_WARN__DUPLICATE_METHOD_MATCH = YES;
				COPY_PHASE_STRIP = NO;
				DEBUG_INFORMATION_FORMAT = dwarf;
				ENABLE_STRICT_OBJC_MSGSEND = YES;
				ENABLE_TESTABILITY = YES;
				GCC_C_LANGUAGE_STANDARD = gnu11;
				GCC_DYNAMIC_NO_PIC = NO;
				GCC_NO_COMMON_BLOCKS = YES;
				GCC_OPTIMIZATION_LEVEL = 0;
				GCC_PREPROCESSOR_DEFINITIONS = (
					"DEBUG=1",
					"$(inherited)",
				);
				GCC_WARN_64_TO_32_BIT_CONVERSION = YES;
				GCC_WARN_ABOUT_RETURN_TYPE = YES_ERROR;
				GCC_WARN_UNDECLARED_SELECTOR = YES;
				GCC_WARN_UNINITIALIZED_AUTOS = YES_AGGRESSIVE;
				GCC_WARN_UNUSED_FUNCTION = YES;
				GCC_WARN_UNUSED_VARIABLE = YES;
				IPHONEOS_DEPLOYMENT_TARGET = 17.0;
				MTL_ENABLE_DEBUG_INFO = INCLUDE_SOURCE;
				MTL_FAST_MATH = YES;
				ONLY_ACTIVE_ARCH = YES;
				SDKROOT = iphoneos;
				SWIFT_ACTIVE_COMPILATION_CONDITIONS = DEBUG;
				SWIFT_OPTIMIZATION_LEVEL = "-Onone";
			};
			name = Debug;
		};
		AE1DD1692A0DB61F00F32703 /* Release */ = {
			isa = XCBuildConfiguration;
			buildSettings = {
				ALWAYS_SEARCH_USER_PATHS = NO;
				CLANG_ANALYZER_NONNULL = YES;
				CLANG_ANALYZER_NUMBER_OBJECT_CONVERSION = YES_AGGRESSIVE;
				CLANG_CXX_LANGUAGE_STANDARD = "gnu++20";
				CLANG_ENABLE_MODULES = YES;
				CLANG_ENABLE_OBJC_ARC = YES;
				CLANG_ENABLE_OBJC_WEAK = YES;
				CLANG_WARN_BLOCK_CAPTURE_AUTORELEASING = YES;
				CLANG_WARN_BOOL_CONVERSION = YES;
				CLANG_WARN_COMMA = YES;
				CLANG_WARN_CONSTANT_CONVERSION = YES;
				CLANG_WARN_DEPRECATED_OBJC_IMPLEMENTATIONS = YES;
				CLANG_WARN_DIRECT_OBJC_ISA_USAGE = YES_ERROR;
				CLANG_WARN_DOCUMENTATION_COMMENTS = YES;
				CLANG_WARN_EMPTY_BODY = YES;
				CLANG_WARN_ENUM_CONVERSION = YES;
				CLANG_WARN_INFINITE_RECURSION = YES;
				CLANG_WARN_INT_CONVERSION = YES;
				CLANG_WARN_NON_LITERAL_NULL_CONVERSION = YES;
				CLANG_WARN_OBJC_IMPLICIT_RETAIN_SELF = YES;
				CLANG_WARN_OBJC_LITERAL_CONVERSION = YES;
				CLANG_WARN_OBJC_ROOT_CLASS = YES_ERROR;
				CLANG_WARN_QUOTED_INCLUDE_IN_FRAMEWORK_HEADER = YES;
				CLANG_WARN_RANGE_LOOP_ANALYSIS = YES;
				CLANG_WARN_STRICT_PROTOTYPES = YES;
				CLANG_WARN_SUSPICIOUS_MOVE = YES;
				CLANG_WARN_UNGUARDED_AVAILABILITY = YES_AGGRESSIVE;
				CLANG_WARN_UNREACHABLE_CODE = YES;
				CLANG_WARN__DUPLICATE_METHOD_MATCH = YES;
				COPY_PHASE_STRIP = NO;
				DEBUG_INFORMATION_FORMAT = "dwarf-with-dsym";
				ENABLE_NS_ASSERTIONS = NO;
				ENABLE_STRICT_OBJC_MSGSEND = YES;
				GCC_C_LANGUAGE_STANDARD = gnu11;
				GCC_NO_COMMON_BLOCKS = YES;
				GCC_WARN_64_TO_32_BIT_CONVERSION = YES;
				GCC_WARN_ABOUT_RETURN_TYPE = YES_ERROR;
				GCC_WARN_UNDECLARED_SELECTOR = YES;
				GCC_WARN_UNINITIALIZED_AUTOS = YES_AGGRESSIVE;
				GCC_WARN_UNUSED_FUNCTION = YES;
				GCC_WARN_UNUSED_VARIABLE = YES;
				IPHONEOS_DEPLOYMENT_TARGET = 17.0;
				MTL_ENABLE_DEBUG_INFO = NO;
				MTL_FAST_MATH = YES;
				SDKROOT = iphoneos;
				SWIFT_COMPILATION_MODE = wholemodule;
				SWIFT_OPTIMIZATION_LEVEL = "-O";
				VALIDATE_PRODUCT = YES;
			};
			name = Release;
		};
		AE1DD16B2A0DB61F00F32703 /* Debug */ = {
			isa = XCBuildConfiguration;
			buildSettings = {
				ASSETCATALOG_COMPILER_APPICON_NAME = AppIcon;
				ASSETCATALOG_COMPILER_GLOBAL_ACCENT_COLOR_NAME = AccentColor;
				CODE_SIGN_STYLE = Manual;
				CURRENT_PROJECT_VERSION = 1;
				DEVELOPMENT_ASSET_PATHS = "\"MyTasks/Preview Content\"";
				DEVELOPMENT_TEAM = "";
				ENABLE_PREVIEWS = YES;
				GENERATE_INFOPLIST_FILE = YES;
				INFOPLIST_FILE = MyTasks/Info.plist;
				INFOPLIST_KEY_UIApplicationSceneManifest_Generation = YES;
				INFOPLIST_KEY_UIApplicationSupportsIndirectInputEvents = YES;
				INFOPLIST_KEY_UILaunchScreen_Generation = YES;
				INFOPLIST_KEY_UISupportedInterfaceOrientations_iPad = "UIInterfaceOrientationPortrait UIInterfaceOrientationPortraitUpsideDown UIInterfaceOrientationLandscapeLeft UIInterfaceOrientationLandscapeRight";
				INFOPLIST_KEY_UISupportedInterfaceOrientations_iPhone = "UIInterfaceOrientationPortrait UIInterfaceOrientationLandscapeLeft UIInterfaceOrientationLandscapeRight";
				LD_RUNPATH_SEARCH_PATHS = (
					"$(inherited)",
					"@executable_path/Frameworks",
				);
				MARKETING_VERSION = 1.0;
				PRODUCT_BUNDLE_IDENTIFIER = com.karma.MyTasks;
				PRODUCT_NAME = "$(TARGET_NAME)";
				PROVISIONING_PROFILE_SPECIFIER = "";
				SUPPORTED_PLATFORMS = "iphoneos iphonesimulator";
				SUPPORTS_MACCATALYST = NO;
				SUPPORTS_MAC_DESIGNED_FOR_IPHONE_IPAD = NO;
				SWIFT_EMIT_LOC_STRINGS = YES;
				SWIFT_VERSION = 5.0;
				TARGETED_DEVICE_FAMILY = 1;
			};
			name = Debug;
		};
		AE1DD16C2A0DB61F00F32703 /* Release */ = {
			isa = XCBuildConfiguration;
			buildSettings = {
				ASSETCATALOG_COMPILER_APPICON_NAME = AppIcon;
				ASSETCATALOG_COMPILER_GLOBAL_ACCENT_COLOR_NAME = AccentColor;
				CODE_SIGN_STYLE = Manual;
				CURRENT_PROJECT_VERSION = 1;
				DEVELOPMENT_ASSET_PATHS = "\"MyTasks/Preview Content\"";
				DEVELOPMENT_TEAM = "";
				ENABLE_PREVIEWS = YES;
				GENERATE_INFOPLIST_FILE = YES;
				INFOPLIST_FILE = MyTasks/Info.plist;
				INFOPLIST_KEY_UIApplicationSceneManifest_Generation = YES;
				INFOPLIST_KEY_UIApplicationSupportsIndirectInputEvents = YES;
				INFOPLIST_KEY_UILaunchScreen_Generation = YES;
				INFOPLIST_KEY_UISupportedInterfaceOrientations_iPad = "UIInterfaceOrientationPortrait UIInterfaceOrientationPortraitUpsideDown UIInterfaceOrientationLandscapeLeft UIInterfaceOrientationLandscapeRight";
				INFOPLIST_KEY_UISupportedInterfaceOrientations_iPhone = "UIInterfaceOrientationPortrait UIInterfaceOrientationLandscapeLeft UIInterfaceOrientationLandscapeRight";
				LD_RUNPATH_SEARCH_PATHS = (
					"$(inherited)",
					"@executable_path/Frameworks",
				);
				MARKETING_VERSION = 1.0;
				PRODUCT_BUNDLE_IDENTIFIER = com.karma.MyTasks;
				PRODUCT_NAME = "$(TARGET_NAME)";
				PROVISIONING_PROFILE_SPECIFIER = "";
				SUPPORTED_PLATFORMS = "iphoneos iphonesimulator";
				SUPPORTS_MACCATALYST = NO;
				SUPPORTS_MAC_DESIGNED_FOR_IPHONE_IPAD = NO;
				SWIFT_EMIT_LOC_STRINGS = YES;
				SWIFT_VERSION = 5.0;
				TARGETED_DEVICE_FAMILY = 1;
			};
			name = Release;
		};
/* End XCBuildConfiguration section */

/* Begin XCConfigurationList section */
		0D69D5772B74A2220010A5B6 /* Build configuration list for PBXNativeTarget "MyTasksTests" */ = {
			isa = XCConfigurationList;
			buildConfigurations = (
				0D69D5782B74A2220010A5B6 /* Debug */,
				0D69D5792B74A2220010A5B6 /* Release */,
			);
			defaultConfigurationIsVisible = 0;
			defaultConfigurationName = Release;
		};
		AE1DD1572A0DB61E00F32703 /* Build configuration list for PBXProject "MyTasks" */ = {
			isa = XCConfigurationList;
			buildConfigurations = (
				AE1DD1682A0DB61F00F32703 /* Debug */,
				AE1DD1692A0DB61F00F32703 /* Release */,
			);
			defaultConfigurationIsVisible = 0;
			defaultConfigurationName = Release;
		};
		AE1DD16A2A0DB61F00F32703 /* Build configuration list for PBXNativeTarget "MyTasks" */ = {
			isa = XCConfigurationList;
			buildConfigurations = (
				AE1DD16B2A0DB61F00F32703 /* Debug */,
				AE1DD16C2A0DB61F00F32703 /* Release */,
			);
			defaultConfigurationIsVisible = 0;
			defaultConfigurationName = Release;
		};
/* End XCConfigurationList section */

/* Begin XCRemoteSwiftPackageReference section */
		0D69D5612B7491B40010A5B6 /* XCRemoteSwiftPackageReference "Factory" */ = {
			isa = XCRemoteSwiftPackageReference;
			repositoryURL = "https://github.com/hmlongco/Factory";
			requirement = {
				kind = upToNextMajorVersion;
				minimumVersion = 2.3.1;
			};
		};
/* End XCRemoteSwiftPackageReference section */

/* Begin XCSwiftPackageProductDependency section */
		0D69D5622B7491B40010A5B6 /* Factory */ = {
			isa = XCSwiftPackageProductDependency;
			package = 0D69D5612B7491B40010A5B6 /* XCRemoteSwiftPackageReference "Factory" */;
			productName = Factory;
		};
		AE9344D82A26FCD700D81AA3 /* Network */ = {
			isa = XCSwiftPackageProductDependency;
			productName = Network;
		};
		AEA0AE0F2A28516700492248 /* Models */ = {
			isa = XCSwiftPackageProductDependency;
			productName = Models;
		};
/* End XCSwiftPackageProductDependency section */
	};
	rootObject = AE1DD1542A0DB61E00F32703 /* Project object */;
}
